
Microsoft Visual Studio Solution File, Format Version 12.00
# Visual Studio Version 17
VisualStudioVersion = 17.10.35027.167
MinimumVisualStudioVersion = 10.0.40219.1
Project("{FAE04EC0-301F-11D3-BF4B-00C04F79EFBC}") = "TailBuddys", "TailBuddys.csproj", "{DE3E5326-2749-4EDC-BD4B-4A62C040F596}"
EndProject
Global
	GlobalSection(SolutionConfigurationPlatforms) = preSolution
		Debug|Any CPU = Debug|Any CPU
		Release|Any CPU = Release|Any CPU
	EndGlobalSection
	GlobalSection(ProjectConfigurationPlatforms) = postSolution
		{DE3E5326-2749-4EDC-BD4B-4A62C040F596}.Debug|Any CPU.ActiveCfg = Debug|Any CPU
		{DE3E5326-2749-4EDC-BD4B-4A62C040F596}.Debug|Any CPU.Build.0 = Debug|Any CPU
		{DE3E5326-2749-4EDC-BD4B-4A62C040F596}.Release|Any CPU.ActiveCfg = Release|Any CPU
		{DE3E5326-2749-4EDC-BD4B-4A62C040F596}.Release|Any CPU.Build.0 = Release|Any CPU
	EndGlobalSection
	GlobalSection(SolutionProperties) = preSolution
		HideSolutionNode = FALSE
	EndGlobalSection
	GlobalSection(ExtensibilityGlobals) = postSolution
		SolutionGuid = {16E20488-0D68-42FC-BD4E-249C3F4120BA}
	EndGlobalSection
EndGlobal
